
Microsoft Visual Studio Solution File, Format Version 12.00
# Visual Studio Version 17
VisualStudioVersion = 17.8.34525.116
MinimumVisualStudioVersion = 10.0.40219.1
Project("{FAE04EC0-301F-11D3-BF4B-00C04F79EFBC}") = "Week5LogicalOperators", "Week5LogicalOperators\Week5LogicalOperators.csproj", "{AB5CF783-D59D-4C68-9EAB-B0D9B39914DB}"
EndProject
Project("{FAE04EC0-301F-11D3-BF4B-00C04F79EFBC}") = "ANDOperator", "ANDOperator\ANDOperator.csproj", "{5A169756-2818-47CE-90C4-1F7748665742}"
EndProject
Project("{FAE04EC0-301F-11D3-BF4B-00C04F79EFBC}") = "OROperator", "OROperator\OROperator.csproj", "{DA678F0F-73A7-47D7-B9BD-4837E77FDA87}"
EndProject
Project("{FAE04EC0-301F-11D3-BF4B-00C04F79EFBC}") = "ANDRanges", "ANDRanges\ANDRanges.csproj", "{44E0FF57-32FC-4B2A-A45D-640D673AD91E}"
EndProject
Global
	GlobalSection(SolutionConfigurationPlatforms) = preSolution
		Debug|Any CPU = Debug|Any CPU
		Release|Any CPU = Release|Any CPU
	EndGlobalSection
	GlobalSection(ProjectConfigurationPlatforms) = postSolution
		{AB5CF783-D59D-4C68-9EAB-B0D9B39914DB}.Debug|Any CPU.ActiveCfg = Debug|Any CPU
		{AB5CF783-D59D-4C68-9EAB-B0D9B39914DB}.Debug|Any CPU.Build.0 = Debug|Any CPU
		{AB5CF783-D59D-4C68-9EAB-B0D9B39914DB}.Release|Any CPU.ActiveCfg = Release|Any CPU
		{AB5CF783-D59D-4C68-9EAB-B0D9B39914DB}.Release|Any CPU.Build.0 = Release|Any CPU
		{5A169756-2818-47CE-90C4-1F7748665742}.Debug|Any CPU.ActiveCfg = Debug|Any CPU
		{5A169756-2818-47CE-90C4-1F7748665742}.Debug|Any CPU.Build.0 = Debug|Any CPU
		{5A169756-2818-47CE-90C4-1F7748665742}.Release|Any CPU.ActiveCfg = Release|Any CPU
		{5A169756-2818-47CE-90C4-1F7748665742}.Release|Any CPU.Build.0 = Release|Any CPU
		{DA678F0F-73A7-47D7-B9BD-4837E77FDA87}.Debug|Any CPU.ActiveCfg = Debug|Any CPU
		{DA678F0F-73A7-47D7-B9BD-4837E77FDA87}.Debug|Any CPU.Build.0 = Debug|Any CPU
		{DA678F0F-73A7-47D7-B9BD-4837E77FDA87}.Release|Any CPU.ActiveCfg = Release|Any CPU
		{DA678F0F-73A7-47D7-B9BD-4837E77FDA87}.Release|Any CPU.Build.0 = Release|Any CPU
		{44E0FF57-32FC-4B2A-A45D-640D673AD91E}.Debug|Any CPU.ActiveCfg = Debug|Any CPU
		{44E0FF57-32FC-4B2A-A45D-640D673AD91E}.Debug|Any CPU.Build.0 = Debug|Any CPU
		{44E0FF57-32FC-4B2A-A45D-640D673AD91E}.Release|Any CPU.ActiveCfg = Release|Any CPU
		{44E0FF57-32FC-4B2A-A45D-640D673AD91E}.Release|Any CPU.Build.0 = Release|Any CPU
	EndGlobalSection
	GlobalSection(SolutionProperties) = preSolution
		HideSolutionNode = FALSE
	EndGlobalSection
	GlobalSection(ExtensibilityGlobals) = postSolution
		SolutionGuid = {1B246576-97E6-42BD-8F80-A102A53DD283}
	EndGlobalSection
EndGlobal
